
Microsoft Visual Studio Solution File, Format Version 12.00
# Visual Studio Version 16
VisualStudioVersion = 16.0.32630.194
MinimumVisualStudioVersion = 10.0.40219.1
Project("{9A19103F-16F7-4668-BE54-9A1E7A4F7556}") = "Tahaj_TimeSpan_Regex", "Tahaj_TimeSpan_Regex.csproj", "{E9E14E53-4051-4B4C-9894-59D0DCB441E8}"
EndProject
Global
	GlobalSection(SolutionConfigurationPlatforms) = preSolution
		Debug|Any CPU = Debug|Any CPU
		Release|Any CPU = Release|Any CPU
	EndGlobalSection
	GlobalSection(ProjectConfigurationPlatforms) = postSolution
		{E9E14E53-4051-4B4C-9894-59D0DCB441E8}.Debug|Any CPU.ActiveCfg = Debug|Any CPU
		{E9E14E53-4051-4B4C-9894-59D0DCB441E8}.Debug|Any CPU.Build.0 = Debug|Any CPU
		{E9E14E53-4051-4B4C-9894-59D0DCB441E8}.Release|Any CPU.ActiveCfg = Release|Any CPU
		{E9E14E53-4051-4B4C-9894-59D0DCB441E8}.Release|Any CPU.Build.0 = Release|Any CPU
	EndGlobalSection
	GlobalSection(SolutionProperties) = preSolution
		HideSolutionNode = FALSE
	EndGlobalSection
	GlobalSection(ExtensibilityGlobals) = postSolution
		SolutionGuid = {AD770ED9-EE43-4BAA-8168-29C8808662E5}
	EndGlobalSection
EndGlobal
